// !$*UTF8*$!
{
	archiveVersion = 1;
	classes = {
	};
	objectVersion = 56;
	objects = {

/* Begin PBXBuildFile section */
		CA0352972A6819BD003C7078 /* SplashScreenView.swift in Sources */ = {isa = PBXBuildFile; fileRef = CA0352962A6819BD003C7078 /* SplashScreenView.swift */; };
		CA03529A2A689589003C7078 /* Lottie in Frameworks */ = {isa = PBXBuildFile; productRef = CA0352992A689589003C7078 /* Lottie */; };
		CA0352B02A68A65B003C7078 /* AstronaoutAnim.json in Resources */ = {isa = PBXBuildFile; fileRef = CA0352AF2A68A65B003C7078 /* AstronaoutAnim.json */; };
		CAC0B54A2CC58E180095BAD3 /* NetWorkManager.swift in Sources */ = {isa = PBXBuildFile; fileRef = CAC0B5492CC58E180095BAD3 /* NetWorkManager.swift */; };
		CAC0B54C2CC58E610095BAD3 /* MoonNewsViewModel.swift in Sources */ = {isa = PBXBuildFile; fileRef = CAC0B54B2CC58E610095BAD3 /* MoonNewsViewModel.swift */; };
		CAC0B54F2CC58E910095BAD3 /* NetworkError.swift in Sources */ = {isa = PBXBuildFile; fileRef = CAC0B54E2CC58E910095BAD3 /* NetworkError.swift */; };
		CAC0B5512CC58EE20095BAD3 /* SpaceDataModel.swift in Sources */ = {isa = PBXBuildFile; fileRef = CAC0B5502CC58EE20095BAD3 /* SpaceDataModel.swift */; };
		CAC5F5402A65FB4D00EB8DD4 /* Moon_NewsApp.swift in Sources */ = {isa = PBXBuildFile; fileRef = CAC5F53F2A65FB4D00EB8DD4 /* Moon_NewsApp.swift */; };
		CAC5F5422A65FB4D00EB8DD4 /* ContentView.swift in Sources */ = {isa = PBXBuildFile; fileRef = CAC5F5412A65FB4D00EB8DD4 /* ContentView.swift */; };
		CAC5F5442A65FB4D00EB8DD4 /* Assets.xcassets in Resources */ = {isa = PBXBuildFile; fileRef = CAC5F5432A65FB4D00EB8DD4 /* Assets.xcassets */; };
		CAC5F5472A65FB4E00EB8DD4 /* Preview Assets.xcassets in Resources */ = {isa = PBXBuildFile; fileRef = CAC5F5462A65FB4E00EB8DD4 /* Preview Assets.xcassets */; };
		CAC5F5512A65FCEE00EB8DD4 /* CachedAsyncImage in Frameworks */ = {isa = PBXBuildFile; productRef = CAC5F5502A65FCEE00EB8DD4 /* CachedAsyncImage */; };
		CAC5F5552A66051500EB8DD4 /* NewsView.swift in Sources */ = {isa = PBXBuildFile; fileRef = CAC5F5542A66051500EB8DD4 /* NewsView.swift */; };
		CAC5F5572A66054300EB8DD4 /* NewsArticle.swift in Sources */ = {isa = PBXBuildFile; fileRef = CAC5F5562A66054300EB8DD4 /* NewsArticle.swift */; };
		CAC5F55B2A67226800EB8DD4 /* NicoMoji-Regular.ttf in Resources */ = {isa = PBXBuildFile; fileRef = CAC5F55A2A67226800EB8DD4 /* NicoMoji-Regular.ttf */; };
/* End PBXBuildFile section */

/* Begin PBXFileReference section */
		CA0352962A6819BD003C7078 /* SplashScreenView.swift */ = {isa = PBXFileReference; lastKnownFileType = sourcecode.swift; path = SplashScreenView.swift; sourceTree = "<group>"; };
		CA0352AF2A68A65B003C7078 /* AstronaoutAnim.json */ = {isa = PBXFileReference; fileEncoding = 4; lastKnownFileType = text.json; path = AstronaoutAnim.json; sourceTree = "<group>"; };
		CAC0B5492CC58E180095BAD3 /* NetWorkManager.swift */ = {isa = PBXFileReference; lastKnownFileType = sourcecode.swift; path = NetWorkManager.swift; sourceTree = "<group>"; };
		CAC0B54B2CC58E610095BAD3 /* MoonNewsViewModel.swift */ = {isa = PBXFileReference; lastKnownFileType = sourcecode.swift; path = MoonNewsViewModel.swift; sourceTree = "<group>"; };
		CAC0B54E2CC58E910095BAD3 /* NetworkError.swift */ = {isa = PBXFileReference; lastKnownFileType = sourcecode.swift; path = NetworkError.swift; sourceTree = "<group>"; };
		CAC0B5502CC58EE20095BAD3 /* SpaceDataModel.swift */ = {isa = PBXFileReference; lastKnownFileType = sourcecode.swift; path = SpaceDataModel.swift; sourceTree = "<group>"; };
		CAC5F53C2A65FB4D00EB8DD4 /* Moon News.app */ = {isa = PBXFileReference; explicitFileType = wrapper.application; includeInIndex = 0; path = "Moon News.app"; sourceTree = BUILT_PRODUCTS_DIR; };
		CAC5F53F2A65FB4D00EB8DD4 /* Moon_NewsApp.swift */ = {isa = PBXFileReference; lastKnownFileType = sourcecode.swift; path = Moon_NewsApp.swift; sourceTree = "<group>"; };
		CAC5F5412A65FB4D00EB8DD4 /* ContentView.swift */ = {isa = PBXFileReference; lastKnownFileType = sourcecode.swift; path = ContentView.swift; sourceTree = "<group>"; };
		CAC5F5432A65FB4D00EB8DD4 /* Assets.xcassets */ = {isa = PBXFileReference; lastKnownFileType = folder.assetcatalog; path = Assets.xcassets; sourceTree = "<group>"; };
		CAC5F5462A65FB4E00EB8DD4 /* Preview Assets.xcassets */ = {isa = PBXFileReference; lastKnownFileType = folder.assetcatalog; path = "Preview Assets.xcassets"; sourceTree = "<group>"; };
		CAC5F5542A66051500EB8DD4 /* NewsView.swift */ = {isa = PBXFileReference; lastKnownFileType = sourcecode.swift; path = NewsView.swift; sourceTree = "<group>"; };
		CAC5F5562A66054300EB8DD4 /* NewsArticle.swift */ = {isa = PBXFileReference; lastKnownFileType = sourcecode.swift; path = NewsArticle.swift; sourceTree = "<group>"; };
		CAC5F5582A660F1500EB8DD4 /* Moon-News-Info.plist */ = {isa = PBXFileReference; lastKnownFileType = text.plist; path = "Moon-News-Info.plist"; sourceTree = SOURCE_ROOT; };
		CAC5F55A2A67226800EB8DD4 /* NicoMoji-Regular.ttf */ = {isa = PBXFileReference; lastKnownFileType = file; path = "NicoMoji-Regular.ttf"; sourceTree = "<group>"; };
/* End PBXFileReference section */

/* Begin PBXFrameworksBuildPhase section */
		CAC5F5392A65FB4D00EB8DD4 /* Frameworks */ = {
			isa = PBXFrameworksBuildPhase;
			buildActionMask = 2147483647;
			files = (
				CAC5F5512A65FCEE00EB8DD4 /* CachedAsyncImage in Frameworks */,
				CA03529A2A689589003C7078 /* Lottie in Frameworks */,
			);
			runOnlyForDeploymentPostprocessing = 0;
		};
/* End PBXFrameworksBuildPhase section */

/* Begin PBXGroup section */
		CA0352B12A68A6BB003C7078 /* Animations */ = {
			isa = PBXGroup;
			children = (
				CA0352AF2A68A65B003C7078 /* AstronaoutAnim.json */,
			);
			path = Animations;
			sourceTree = "<group>";
		};
		CAC0B5482CC58E080095BAD3 /* Utilities */ = {
			isa = PBXGroup;
			children = (
				CAC0B5492CC58E180095BAD3 /* NetWorkManager.swift */,
			);
			path = Utilities;
			sourceTree = "<group>";
		};
		CAC0B54D2CC58E850095BAD3 /* Model */ = {
			isa = PBXGroup;
			children = (
				CAC0B54E2CC58E910095BAD3 /* NetworkError.swift */,
				CAC0B5502CC58EE20095BAD3 /* SpaceDataModel.swift */,
			);
			path = Model;
			sourceTree = "<group>";
		};
		CAC5F5332A65FB4D00EB8DD4 = {
			isa = PBXGroup;
			children = (
				CAC5F53E2A65FB4D00EB8DD4 /* Moon News */,
				CAC5F53D2A65FB4D00EB8DD4 /* Products */,
			);
			sourceTree = "<group>";
		};
		CAC5F53D2A65FB4D00EB8DD4 /* Products */ = {
			isa = PBXGroup;
			children = (
				CAC5F53C2A65FB4D00EB8DD4 /* Moon News.app */,
			);
			name = Products;
			sourceTree = "<group>";
		};
		CAC5F53E2A65FB4D00EB8DD4 /* Moon News */ = {
			isa = PBXGroup;
			children = (
				CAC5F5582A660F1500EB8DD4 /* Moon-News-Info.plist */,
				CA0352B12A68A6BB003C7078 /* Animations */,
				CAC5F5592A67225A00EB8DD4 /* Fonts */,
				CAC0B54D2CC58E850095BAD3 /* Model */,
				CAC0B5482CC58E080095BAD3 /* Utilities */,
				CAC5F54D2A65FB9D00EB8DD4 /* Views */,
				CAC5F53F2A65FB4D00EB8DD4 /* Moon_NewsApp.swift */,
				CAC5F5432A65FB4D00EB8DD4 /* Assets.xcassets */,
				CAC5F5452A65FB4E00EB8DD4 /* Preview Content */,
			);
			path = "Moon News";
			sourceTree = "<group>";
		};
		CAC5F5452A65FB4E00EB8DD4 /* Preview Content */ = {
			isa = PBXGroup;
			children = (
				CAC5F5462A65FB4E00EB8DD4 /* Preview Assets.xcassets */,
			);
			path = "Preview Content";
			sourceTree = "<group>";
		};
		CAC5F54D2A65FB9D00EB8DD4 /* Views */ = {
			isa = PBXGroup;
			children = (
				CAC5F5542A66051500EB8DD4 /* NewsView.swift */,
				CAC5F5562A66054300EB8DD4 /* NewsArticle.swift */,
				CAC5F5412A65FB4D00EB8DD4 /* ContentView.swift */,
				CA0352962A6819BD003C7078 /* SplashScreenView.swift */,
				CAC0B54B2CC58E610095BAD3 /* MoonNewsViewModel.swift */,
			);
			path = Views;
			sourceTree = "<group>";
		};
		CAC5F5592A67225A00EB8DD4 /* Fonts */ = {
			isa = PBXGroup;
			children = (
				CAC5F55A2A67226800EB8DD4 /* NicoMoji-Regular.ttf */,
			);
			path = Fonts;
			sourceTree = "<group>";
		};
/* End PBXGroup section */

/* Begin PBXNativeTarget section */
		CAC5F53B2A65FB4D00EB8DD4 /* Moon News */ = {
			isa = PBXNativeTarget;
			buildConfigurationList = CAC5F54A2A65FB4E00EB8DD4 /* Build configuration list for PBXNativeTarget "Moon News" */;
			buildPhases = (
				CAC5F5382A65FB4D00EB8DD4 /* Sources */,
				CAC5F5392A65FB4D00EB8DD4 /* Frameworks */,
				CAC5F53A2A65FB4D00EB8DD4 /* Resources */,
			);
			buildRules = (
			);
			dependencies = (
			);
			name = "Moon News";
			packageProductDependencies = (
				CAC5F5502A65FCEE00EB8DD4 /* CachedAsyncImage */,
				CA0352992A689589003C7078 /* Lottie */,
			);
			productName = "Moon News";
			productReference = CAC5F53C2A65FB4D00EB8DD4 /* Moon News.app */;
			productType = "com.apple.product-type.application";
		};
/* End PBXNativeTarget section */

/* Begin PBXProject section */
		CAC5F5342A65FB4D00EB8DD4 /* Project object */ = {
			isa = PBXProject;
			attributes = {
				BuildIndependentTargetsInParallel = 1;
				LastSwiftUpdateCheck = 1430;
				LastUpgradeCheck = 1430;
				TargetAttributes = {
					CAC5F53B2A65FB4D00EB8DD4 = {
						CreatedOnToolsVersion = 14.3;
					};
				};
			};
			buildConfigurationList = CAC5F5372A65FB4D00EB8DD4 /* Build configuration list for PBXProject "Moon News" */;
			compatibilityVersion = "Xcode 14.0";
			developmentRegion = en;
			hasScannedForEncodings = 0;
			knownRegions = (
				en,
				Base,
			);
			mainGroup = CAC5F5332A65FB4D00EB8DD4;
			packageReferences = (
				CAC5F54F2A65FCEE00EB8DD4 /* XCRemoteSwiftPackageReference "swiftui-cached-async-image" */,
				CA0352982A689589003C7078 /* XCRemoteSwiftPackageReference "lottie-spm" */,
			);
			productRefGroup = CAC5F53D2A65FB4D00EB8DD4 /* Products */;
			projectDirPath = "";
			projectRoot = "";
			targets = (
				CAC5F53B2A65FB4D00EB8DD4 /* Moon News */,
			);
		};
/* End PBXProject section */

/* Begin PBXResourcesBuildPhase section */
		CAC5F53A2A65FB4D00EB8DD4 /* Resources */ = {
			isa = PBXResourcesBuildPhase;
			buildActionMask = 2147483647;
			files = (
				CAC5F5472A65FB4E00EB8DD4 /* Preview Assets.xcassets in Resources */,
				CAC5F55B2A67226800EB8DD4 /* NicoMoji-Regular.ttf in Resources */,
				CAC5F5442A65FB4D00EB8DD4 /* Assets.xcassets in Resources */,
				CA0352B02A68A65B003C7078 /* AstronaoutAnim.json in Resources */,
			);
			runOnlyForDeploymentPostprocessing = 0;
		};
/* End PBXResourcesBuildPhase section */

/* Begin PBXSourcesBuildPhase section */
		CAC5F5382A65FB4D00EB8DD4 /* Sources */ = {
			isa = PBXSourcesBuildPhase;
			buildActionMask = 2147483647;
			files = (
				CAC5F5422A65FB4D00EB8DD4 /* ContentView.swift in Sources */,
				CAC5F5552A66051500EB8DD4 /* NewsView.swift in Sources */,
				CAC5F5402A65FB4D00EB8DD4 /* Moon_NewsApp.swift in Sources */,
				CAC5F5572A66054300EB8DD4 /* NewsArticle.swift in Sources */,
				CAC0B54C2CC58E610095BAD3 /* MoonNewsViewModel.swift in Sources */,
				CAC0B54A2CC58E180095BAD3 /* NetWorkManager.swift in Sources */,
				CAC0B54F2CC58E910095BAD3 /* NetworkError.swift in Sources */,
				CAC0B5512CC58EE20095BAD3 /* SpaceDataModel.swift in Sources */,
				CA0352972A6819BD003C7078 /* SplashScreenView.swift in Sources */,
			);
			runOnlyForDeploymentPostprocessing = 0;
		};
/* End PBXSourcesBuildPhase section */

/* Begin XCBuildConfiguration section */
		CAC5F5482A65FB4E00EB8DD4 /* Debug */ = {
			isa = XCBuildConfiguration;
			buildSettings = {
				ALWAYS_SEARCH_USER_PATHS = NO;
				CLANG_ANALYZER_NONNULL = YES;
				CLANG_ANALYZER_NUMBER_OBJECT_CONVERSION = YES_AGGRESSIVE;
				CLANG_CXX_LANGUAGE_STANDARD = "gnu++20";
				CLANG_ENABLE_MODULES = YES;
				CLANG_ENABLE_OBJC_ARC = YES;
				CLANG_ENABLE_OBJC_WEAK = YES;
				CLANG_WARN_BLOCK_CAPTURE_AUTORELEASING = YES;
				CLANG_WARN_BOOL_CONVERSION = YES;
				CLANG_WARN_COMMA = YES;
				CLANG_WARN_CONSTANT_CONVERSION = YES;
				CLANG_WARN_DEPRECATED_OBJC_IMPLEMENTATIONS = YES;
				CLANG_WARN_DIRECT_OBJC_ISA_USAGE = YES_ERROR;
				CLANG_WARN_DOCUMENTATION_COMMENTS = YES;
				CLANG_WARN_EMPTY_BODY = YES;
				CLANG_WARN_ENUM_CONVERSION = YES;
				CLANG_WARN_INFINITE_RECURSION = YES;
				CLANG_WARN_INT_CONVERSION = YES;
				CLANG_WARN_NON_LITERAL_NULL_CONVERSION = YES;
				CLANG_WARN_OBJC_IMPLICIT_RETAIN_SELF = YES;
				CLANG_WARN_OBJC_LITERAL_CONVERSION = YES;
				CLANG_WARN_OBJC_ROOT_CLASS = YES_ERROR;
				CLANG_WARN_QUOTED_INCLUDE_IN_FRAMEWORK_HEADER = YES;
				CLANG_WARN_RANGE_LOOP_ANALYSIS = YES;
				CLANG_WARN_STRICT_PROTOTYPES = YES;
				CLANG_WARN_SUSPICIOUS_MOVE = YES;
				CLANG_WARN_UNGUARDED_AVAILABILITY = YES_AGGRESSIVE;
				CLANG_WARN_UNREACHABLE_CODE = YES;
				CLANG_WARN__DUPLICATE_METHOD_MATCH = YES;
				COPY_PHASE_STRIP = NO;
				DEBUG_INFORMATION_FORMAT = dwarf;
				ENABLE_STRICT_OBJC_MSGSEND = YES;
				ENABLE_TESTABILITY = YES;
				GCC_C_LANGUAGE_STANDARD = gnu11;
				GCC_DYNAMIC_NO_PIC = NO;
				GCC_NO_COMMON_BLOCKS = YES;
				GCC_OPTIMIZATION_LEVEL = 0;
				GCC_PREPROCESSOR_DEFINITIONS = (
					"DEBUG=1",
					"$(inherited)",
				);
				GCC_WARN_64_TO_32_BIT_CONVERSION = YES;
				GCC_WARN_ABOUT_RETURN_TYPE = YES_ERROR;
				GCC_WARN_UNDECLARED_SELECTOR = YES;
				GCC_WARN_UNINITIALIZED_AUTOS = YES_AGGRESSIVE;
				GCC_WARN_UNUSED_FUNCTION = YES;
				GCC_WARN_UNUSED_VARIABLE = YES;
				IPHONEOS_DEPLOYMENT_TARGET = 16.4;
				MTL_ENABLE_DEBUG_INFO = INCLUDE_SOURCE;
				MTL_FAST_MATH = YES;
				ONLY_ACTIVE_ARCH = YES;
				SDKROOT = iphoneos;
				SWIFT_ACTIVE_COMPILATION_CONDITIONS = DEBUG;
				SWIFT_OPTIMIZATION_LEVEL = "-Onone";
			};
			name = Debug;
		};
		CAC5F5492A65FB4E00EB8DD4 /* Release */ = {
			isa = XCBuildConfiguration;
			buildSettings = {
				ALWAYS_SEARCH_USER_PATHS = NO;
				CLANG_ANALYZER_NONNULL = YES;
				CLANG_ANALYZER_NUMBER_OBJECT_CONVERSION = YES_AGGRESSIVE;
				CLANG_CXX_LANGUAGE_STANDARD = "gnu++20";
				CLANG_ENABLE_MODULES = YES;
				CLANG_ENABLE_OBJC_ARC = YES;
				CLANG_ENABLE_OBJC_WEAK = YES;
				CLANG_WARN_BLOCK_CAPTURE_AUTORELEASING = YES;
				CLANG_WARN_BOOL_CONVERSION = YES;
				CLANG_WARN_COMMA = YES;
				CLANG_WARN_CONSTANT_CONVERSION = YES;
				CLANG_WARN_DEPRECATED_OBJC_IMPLEMENTATIONS = YES;
				CLANG_WARN_DIRECT_OBJC_ISA_USAGE = YES_ERROR;
				CLANG_WARN_DOCUMENTATION_COMMENTS = YES;
				CLANG_WARN_EMPTY_BODY = YES;
				CLANG_WARN_ENUM_CONVERSION = YES;
				CLANG_WARN_INFINITE_RECURSION = YES;
				CLANG_WARN_INT_CONVERSION = YES;
				CLANG_WARN_NON_LITERAL_NULL_CONVERSION = YES;
				CLANG_WARN_OBJC_IMPLICIT_RETAIN_SELF = YES;
				CLANG_WARN_OBJC_LITERAL_CONVERSION = YES;
				CLANG_WARN_OBJC_ROOT_CLASS = YES_ERROR;
				CLANG_WARN_QUOTED_INCLUDE_IN_FRAMEWORK_HEADER = YES;
				CLANG_WARN_RANGE_LOOP_ANALYSIS = YES;
				CLANG_WARN_STRICT_PROTOTYPES = YES;
				CLANG_WARN_SUSPICIOUS_MOVE = YES;
				CLANG_WARN_UNGUARDED_AVAILABILITY = YES_AGGRESSIVE;
				CLANG_WARN_UNREACHABLE_CODE = YES;
				CLANG_WARN__DUPLICATE_METHOD_MATCH = YES;
				COPY_PHASE_STRIP = NO;
				DEBUG_INFORMATION_FORMAT = "dwarf-with-dsym";
				ENABLE_NS_ASSERTIONS = NO;
				ENABLE_STRICT_OBJC_MSGSEND = YES;
				GCC_C_LANGUAGE_STANDARD = gnu11;
				GCC_NO_COMMON_BLOCKS = YES;
				GCC_WARN_64_TO_32_BIT_CONVERSION = YES;
				GCC_WARN_ABOUT_RETURN_TYPE = YES_ERROR;
				GCC_WARN_UNDECLARED_SELECTOR = YES;
				GCC_WARN_UNINITIALIZED_AUTOS = YES_AGGRESSIVE;
				GCC_WARN_UNUSED_FUNCTION = YES;
				GCC_WARN_UNUSED_VARIABLE = YES;
				IPHONEOS_DEPLOYMENT_TARGET = 16.4;
				MTL_ENABLE_DEBUG_INFO = NO;
				MTL_FAST_MATH = YES;
				SDKROOT = iphoneos;
				SWIFT_COMPILATION_MODE = wholemodule;
				SWIFT_OPTIMIZATION_LEVEL = "-O";
				VALIDATE_PRODUCT = YES;
			};
			name = Release;
		};
		CAC5F54B2A65FB4E00EB8DD4 /* Debug */ = {
			isa = XCBuildConfiguration;
			buildSettings = {
				ASSETCATALOG_COMPILER_APPICON_NAME = AppIcon;
				ASSETCATALOG_COMPILER_GLOBAL_ACCENT_COLOR_NAME = AccentColor;
				CODE_SIGN_STYLE = Automatic;
				CURRENT_PROJECT_VERSION = 1;
				DEVELOPMENT_ASSET_PATHS = "\"Moon News/Preview Content\"";
				DEVELOPMENT_TEAM = DB62R67D27;
				ENABLE_PREVIEWS = YES;
				GENERATE_INFOPLIST_FILE = YES;
				INFOPLIST_FILE = "Moon-News-Info.plist";
				INFOPLIST_KEY_UIApplicationSceneManifest_Generation = YES;
				INFOPLIST_KEY_UIApplicationSupportsIndirectInputEvents = YES;
				INFOPLIST_KEY_UILaunchScreen_Generation = YES;
				INFOPLIST_KEY_UISupportedInterfaceOrientations_iPad = "UIInterfaceOrientationPortrait UIInterfaceOrientationPortraitUpsideDown UIInterfaceOrientationLandscapeLeft UIInterfaceOrientationLandscapeRight";
				INFOPLIST_KEY_UISupportedInterfaceOrientations_iPhone = "UIInterfaceOrientationPortrait UIInterfaceOrientationLandscapeLeft UIInterfaceOrientationLandscapeRight";
				LD_RUNPATH_SEARCH_PATHS = (
					"$(inherited)",
					"@executable_path/Frameworks",
				);
				MARKETING_VERSION = 1.0;
				PRODUCT_BUNDLE_IDENTIFIER = com.basgallop.MoonNews;
				PRODUCT_NAME = "$(TARGET_NAME)";
				SWIFT_EMIT_LOC_STRINGS = YES;
				SWIFT_VERSION = 5.0;
				TARGETED_DEVICE_FAMILY = "1,2";
			};
			name = Debug;
		};
		CAC5F54C2A65FB4E00EB8DD4 /* Release */ = {
			isa = XCBuildConfiguration;
			buildSettings = {
				ASSETCATALOG_COMPILER_APPICON_NAME = AppIcon;
				ASSETCATALOG_COMPILER_GLOBAL_ACCENT_COLOR_NAME = AccentColor;
				CODE_SIGN_STYLE = Automatic;
				CURRENT_PROJECT_VERSION = 1;
				DEVELOPMENT_ASSET_PATHS = "\"Moon News/Preview Content\"";
				DEVELOPMENT_TEAM = DB62R67D27;
				ENABLE_PREVIEWS = YES;
				GENERATE_INFOPLIST_FILE = YES;
				INFOPLIST_FILE = "Moon-News-Info.plist";
				INFOPLIST_KEY_UIApplicationSceneManifest_Generation = YES;
				INFOPLIST_KEY_UIApplicationSupportsIndirectInputEvents = YES;
				INFOPLIST_KEY_UILaunchScreen_Generation = YES;
				INFOPLIST_KEY_UISupportedInterfaceOrientations_iPad = "UIInterfaceOrientationPortrait UIInterfaceOrientationPortraitUpsideDown UIInterfaceOrientationLandscapeLeft UIInterfaceOrientationLandscapeRight";
				INFOPLIST_KEY_UISupportedInterfaceOrientations_iPhone = "UIInterfaceOrientationPortrait UIInterfaceOrientationLandscapeLeft UIInterfaceOrientationLandscapeRight";
				LD_RUNPATH_SEARCH_PATHS = (
					"$(inherited)",
					"@executable_path/Frameworks",
				);
				MARKETING_VERSION = 1.0;
				PRODUCT_BUNDLE_IDENTIFIER = com.basgallop.MoonNews;
				PRODUCT_NAME = "$(TARGET_NAME)";
				SWIFT_EMIT_LOC_STRINGS = YES;
				SWIFT_VERSION = 5.0;
				TARGETED_DEVICE_FAMILY = "1,2";
			};
			name = Release;
		};
/* End XCBuildConfiguration section */

/* Begin XCConfigurationList section */
		CAC5F5372A65FB4D00EB8DD4 /* Build configuration list for PBXProject "Moon News" */ = {
			isa = XCConfigurationList;
			buildConfigurations = (
				CAC5F5482A65FB4E00EB8DD4 /* Debug */,
				CAC5F5492A65FB4E00EB8DD4 /* Release */,
			);
			defaultConfigurationIsVisible = 0;
			defaultConfigurationName = Release;
		};
		CAC5F54A2A65FB4E00EB8DD4 /* Build configuration list for PBXNativeTarget "Moon News" */ = {
			isa = XCConfigurationList;
			buildConfigurations = (
				CAC5F54B2A65FB4E00EB8DD4 /* Debug */,
				CAC5F54C2A65FB4E00EB8DD4 /* Release */,
			);
			defaultConfigurationIsVisible = 0;
			defaultConfigurationName = Release;
		};
/* End XCConfigurationList section */

/* Begin XCRemoteSwiftPackageReference section */
		CA0352982A689589003C7078 /* XCRemoteSwiftPackageReference "lottie-spm" */ = {
			isa = XCRemoteSwiftPackageReference;
			repositoryURL = "https://github.com/airbnb/lottie-spm.git";
			requirement = {
				kind = upToNextMajorVersion;
				minimumVersion = 4.0.0;
			};
		};
		CAC5F54F2A65FCEE00EB8DD4 /* XCRemoteSwiftPackageReference "swiftui-cached-async-image" */ = {
			isa = XCRemoteSwiftPackageReference;
			repositoryURL = "https://github.com/lorenzofiamingo/swiftui-cached-async-image";
			requirement = {
				kind = upToNextMajorVersion;
				minimumVersion = 2.0.0;
			};
		};
/* End XCRemoteSwiftPackageReference section */

/* Begin XCSwiftPackageProductDependency section */
		CA0352992A689589003C7078 /* Lottie */ = {
			isa = XCSwiftPackageProductDependency;
			package = CA0352982A689589003C7078 /* XCRemoteSwiftPackageReference "lottie-spm" */;
			productName = Lottie;
		};
		CAC5F5502A65FCEE00EB8DD4 /* CachedAsyncImage */ = {
			isa = XCSwiftPackageProductDependency;
			package = CAC5F54F2A65FCEE00EB8DD4 /* XCRemoteSwiftPackageReference "swiftui-cached-async-image" */;
			productName = CachedAsyncImage;
		};
/* End XCSwiftPackageProductDependency section */
	};
	rootObject = CAC5F5342A65FB4D00EB8DD4 /* Project object */;
}
